
Microsoft Visual Studio Solution File, Format Version 12.00
# Visual Studio 2013
VisualStudioVersion = 12.0.21005.1
MinimumVisualStudioVersion = 10.0.40219.1
Project("{2150E333-8FDC-42A3-9474-1A3956D46DE8}") = "GitInfo", "GitInfo", "{DD9F8057-F72B-45AA-9096-811B8D2E2E6E}"
EndProject
Project("{FAE04EC0-301F-11D3-BF4B-00C04F79EFBC}") = "Dibware.System.Extensions", "Dibware.System.Extensions\Dibware.System.Extensions.csproj", "{6C5D152B-9C93-4D48-B074-CD53A32FBFE6}"
EndProject
Project("{FAE04EC0-301F-11D3-BF4B-00C04F79EFBC}") = "Dibware.System.Extensions.Tests", "Dibware.System.Extensions.Tests\Dibware.System.Extensions.Tests.csproj", "{C9F271CB-30D1-4DB3-9665-A97D0620644B}"
EndProject
Global
	GlobalSection(SolutionConfigurationPlatforms) = preSolution
		Debug|Any CPU = Debug|Any CPU
		Release|Any CPU = Release|Any CPU
	EndGlobalSection
	GlobalSection(ProjectConfigurationPlatforms) = postSolution
		{6C5D152B-9C93-4D48-B074-CD53A32FBFE6}.Debug|Any CPU.ActiveCfg = Debug|Any CPU
		{6C5D152B-9C93-4D48-B074-CD53A32FBFE6}.Debug|Any CPU.Build.0 = Debug|Any CPU
		{6C5D152B-9C93-4D48-B074-CD53A32FBFE6}.Release|Any CPU.ActiveCfg = Release|Any CPU
		{6C5D152B-9C93-4D48-B074-CD53A32FBFE6}.Release|Any CPU.Build.0 = Release|Any CPU
		{C9F271CB-30D1-4DB3-9665-A97D0620644B}.Debug|Any CPU.ActiveCfg = Debug|Any CPU
		{C9F271CB-30D1-4DB3-9665-A97D0620644B}.Debug|Any CPU.Build.0 = Debug|Any CPU
		{C9F271CB-30D1-4DB3-9665-A97D0620644B}.Release|Any CPU.ActiveCfg = Release|Any CPU
		{C9F271CB-30D1-4DB3-9665-A97D0620644B}.Release|Any CPU.Build.0 = Release|Any CPU
	EndGlobalSection
	GlobalSection(SolutionProperties) = preSolution
		HideSolutionNode = FALSE
	EndGlobalSection
EndGlobal
